<?xml version="1.0" encoding="utf-8"?>
<Project ToolsVersion="4.0" xmlns="http://schemas.microsoft.com/developer/msbuild/2003">
  <ItemGroup>
    <ClCompile Include="Base64.cpp" />
    <ClCompile Include="BaseSocket.cpp" />
    <ClCompile Include="Condition.cpp" />
    <ClCompile Include="ConfigFileReader.cpp" />
    <ClCompile Include="EncDec.cpp" />
    <ClCompile Include="EventDispatch.cpp" />
    <ClCompile Include="HttpClient.cpp" />
    <ClCompile Include="HttpParserWrapper.cpp" />
    <ClCompile Include="http_parser.cpp" />
    <ClCompile Include="imconn.cpp" />
    <ClCompile Include="ImPduBase.cpp" />
    <ClCompile Include="im_conn_util.cpp" />
    <ClCompile Include="Lock.cpp" />
    <ClCompile Include="log4z.cpp" />
    <ClCompile Include="netlib.cpp" />
    <ClCompile Include="ServInfo.cpp" />
    <ClCompile Include="Thread.cpp" />
    <ClCompile Include="ThreadPool.cpp" />
    <ClCompile Include="TokenValidator.cpp" />
    <ClCompile Include="util.cpp" />
    <ClCompile Include="UtilPdu.cpp" />
    <ClCompile Include="..\..\..\proto\gen\cpp\IM.BaseDefine.pb.cc">
      <Filter>proto</Filter>
    </ClCompile>
    <ClCompile Include="..\..\..\proto\gen\cpp\IM.Buddy.pb.cc">
      <Filter>proto</Filter>
    </ClCompile>
    <ClCompile Include="..\..\..\proto\gen\cpp\IM.File.pb.cc">
      <Filter>proto</Filter>
    </ClCompile>
    <ClCompile Include="..\..\..\proto\gen\cpp\IM.Group.pb.cc">
      <Filter>proto</Filter>
    </ClCompile>
    <ClCompile Include="..\..\..\proto\gen\cpp\IM.Login.pb.cc">
      <Filter>proto</Filter>
    </ClCompile>
    <ClCompile Include="..\..\..\proto\gen\cpp\IM.Message.pb.cc">
      <Filter>proto</Filter>
    </ClCompile>
    <ClCompile Include="..\..\..\proto\gen\cpp\IM.Other.pb.cc">
      <Filter>proto</Filter>
    </ClCompile>
    <ClCompile Include="..\..\..\proto\gen\cpp\IM.Server.pb.cc">
      <Filter>proto</Filter>
    </ClCompile>
    <ClCompile Include="..\..\..\proto\gen\cpp\IM.SwitchService.pb.cc">
      <Filter>proto</Filter>
    </ClCompile>
  </ItemGroup>
  <ItemGroup>
    <ClInclude Include="Base64.h" />
    <ClInclude Include="BaseSocket.h" />
    <ClInclude Include="Condition.h" />
    <ClInclude Include="ConfigFileReader.h" />
    <ClInclude Include="EncDec.h" />
    <ClInclude Include="EventDispatch.h" />
    <ClInclude Include="HttpClient.h" />
    <ClInclude Include="HttpParserWrapper.h" />
    <ClInclude Include="http_parser.h" />
    <ClInclude Include="imconn.h" />
    <ClInclude Include="impdu.h" />
    <ClInclude Include="ImPduBase.h" />
    <ClInclude Include="im_conn_util.h" />
    <ClInclude Include="jsoncpp\json\reader.h" />
    <ClInclude Include="Lock.h" />
    <ClInclude Include="log4z.h" />
    <ClInclude Include="netlib.h" />
    <ClInclude Include="ostype.h" />
    <ClInclude Include="public_define.h" />
    <ClInclude Include="ServInfo.h" />
    <ClInclude Include="singleton.h" />
    <ClInclude Include="slog\slog_api.h" />
    <ClInclude Include="Task.h" />
    <ClInclude Include="Thread.h" />
    <ClInclude Include="ThreadPool.h" />
    <ClInclude Include="TokenValidator.h" />
    <ClInclude Include="util.h" />
    <ClInclude Include="UtilPdu.h" />
    <ClInclude Include="version.h" />
    <ClInclude Include="..\..\..\proto\gen\cpp\IM.BaseDefine.pb.h">
      <Filter>proto</Filter>
    </ClInclude>
    <ClInclude Include="..\..\..\proto\gen\cpp\IM.Buddy.pb.h">
      <Filter>proto</Filter>
    </ClInclude>
    <ClInclude Include="..\..\..\proto\gen\cpp\IM.File.pb.h">
      <Filter>proto</Filter>
    </ClInclude>
    <ClInclude Include="..\..\..\proto\gen\cpp\IM.Group.pb.h">
      <Filter>proto</Filter>
    </ClInclude>
    <ClInclude Include="..\..\..\proto\gen\cpp\IM.Login.pb.h">
      <Filter>proto</Filter>
    </ClInclude>
    <ClInclude Include="..\..\..\proto\gen\cpp\IM.Message.pb.h">
      <Filter>proto</Filter>
    </ClInclude>
    <ClInclude Include="..\..\..\proto\gen\cpp\IM.Other.pb.h">
      <Filter>proto</Filter>
    </ClInclude>
    <ClInclude Include="..\..\..\proto\gen\cpp\IM.Server.pb.h">
      <Filter>proto</Filter>
    </ClInclude>
    <ClInclude Include="..\..\..\proto\gen\cpp\IM.SwitchService.pb.h">
      <Filter>proto</Filter>
    </ClInclude>
  </ItemGroup>
  <ItemGroup>
    <Filter Include="proto">
      <UniqueIdentifier>{8765b48e-3a57-4643-bb54-feccd0dde002}</UniqueIdentifier>
    </Filter>
  </ItemGroup>
</Project>